{
  "requires": true,
  "lockfileVersion": 1,
  "dependencies": {
    "classnames": {
      "version": "2.3.1",
      "resolved": "https://registry.npmjs.org/classnames/-/classnames-2.3.1.tgz",
      "integrity": "sha512-OlQdbZ7gLfGarSqxesMesDa5uz7KFbID8Kpq/SxIoNGDqY8lSYs0D+hhtBXhcdB3rcbXArFr7vlHheLk1voeNA=="
    },
    "js-tokens": {
      "version": "4.0.0",
      "resolved": "https://registry.npmjs.org/js-tokens/-/js-tokens-4.0.0.tgz",
      "integrity": "sha512-RdJUflcE3cUzKiMqQgsCu06FPu9UdIJO0beYbPhHN4k6apgJtifcoCtT9bcxOpYBtpD2kCM6Sbzg4CausW/PKQ=="
    },
    "loose-envify": {
      "version": "1.4.0",
      "resolved": "https://registry.npmjs.org/loose-envify/-/loose-envify-1.4.0.tgz",
      "integrity": "sha512-lyuxPGr/Wfhrlem2CL/UcnUc1zcqKAImBDzukY7Y5F/yQiNdko6+fRLevlw1HgMySw7f611UIY408EtxRSoK3Q==",
      "requires": {
        "js-tokens": "^3.0.0 || ^4.0.0"
      }
    },
    "object-assign": {
      "version": "4.1.1",
      "resolved": "https://registry.npmjs.org/object-assign/-/object-assign-4.1.1.tgz",
      "integrity": "sha1-IQmtx5ZYh8/AXLvUQsrIv7s2CGM="
    },
    "prop-types": {
      "version": "15.8.1",
      "resolved": "https://registry.npmjs.org/prop-types/-/prop-types-15.8.1.tgz",
      "integrity": "sha512-oj87CgZICdulUohogVAR7AjlC0327U4el4L6eAvOqCeudMDVU0NThNaV+b9Df4dXgSP1gXMTnPdhfe/2qDH5cg==",
      "requires": {
        "loose-envify": "^1.4.0",
        "object-assign": "^4.1.1",
        "react-is": "^16.13.1"
      }
    },
    "react-date-range": {
      "version": "1.4.0",
      "resolved": "https://registry.npmjs.org/react-date-range/-/react-date-range-1.4.0.tgz",
      "integrity": "sha512-+9t0HyClbCqw1IhYbpWecjsiaftCeRN5cdhsi9v06YdimwyMR2yYHWcgVn3URwtN/txhqKpEZB6UX1fHpvK76w==",
      "requires": {
        "classnames": "^2.2.6",
        "prop-types": "^15.7.2",
        "react-list": "^0.8.13",
        "shallow-equal": "^1.2.1"
      }
    },
    "react-is": {
      "version": "16.13.1",
      "resolved": "https://registry.npmjs.org/react-is/-/react-is-16.13.1.tgz",
      "integrity": "sha512-24e6ynE2H+OKt4kqsOvNd8kBpV65zoxbA4BVsEOB3ARVWQki/DHzaUoC5KuON/BiccDaCCTZBuOcfZs70kR8bQ=="
    },
    "react-list": {
      "version": "0.8.16",
      "resolved": "https://registry.npmjs.org/react-list/-/react-list-0.8.16.tgz",
      "integrity": "sha512-LSxfvdwB9Ip+E+8NBtLPW2pcIngzuV0rSoH9nMt9C2lFjZEbnoBY/ib/Zx121jPgFgg3xYkMlMXSzx5gaiP5ig==",
      "requires": {
        "prop-types": "15"
      }
    },
    "shallow-equal": {
      "version": "1.2.1",
      "resolved": "https://registry.npmjs.org/shallow-equal/-/shallow-equal-1.2.1.tgz",
      "integrity": "sha512-S4vJDjHHMBaiZuT9NPb616CSmLf618jawtv3sufLl6ivK8WocjAo58cXwbRV1cgqxH0Qbv+iUt6m05eqEa2IRA=="
    },
    "tailwind-scrollbar-hide": {
      "version": "1.1.7",
      "resolved": "https://registry.npmjs.org/tailwind-scrollbar-hide/-/tailwind-scrollbar-hide-1.1.7.tgz",
      "integrity": "sha512-X324n9OtpTmOMqEgDUEA/RgLrNfBF/jwJdctaPZDzB3mppxJk7TLIDmOreEDm1Bq4R9LSPu4Epf8VSdovNU+iA=="
    }
  }
}
